// !$*UTF8*$!
{
	archiveVersion = 1;
	classes = {
	};
	objectVersion = 56;
	objects = {

/* Begin PBXBuildFile section */
		1124AB3F2BC3E16000E50D4F /* AppDelegate.swift in Sources */ = {isa = PBXBuildFile; fileRef = 1124AB3E2BC3E16000E50D4F /* AppDelegate.swift */; };
		1124AB412BC3E16000E50D4F /* SceneDelegate.swift in Sources */ = {isa = PBXBuildFile; fileRef = 1124AB402BC3E16000E50D4F /* SceneDelegate.swift */; };
		1124AB432BC3E16000E50D4F /* ViewController.swift in Sources */ = {isa = PBXBuildFile; fileRef = 1124AB422BC3E16000E50D4F /* ViewController.swift */; };
		1124AB462BC3E16000E50D4F /* Main.storyboard in Resources */ = {isa = PBXBuildFile; fileRef = 1124AB442BC3E16000E50D4F /* Main.storyboard */; };
		1124AB4B2BC3E16300E50D4F /* Assets.xcassets in Resources */ = {isa = PBXBuildFile; fileRef = 1124AB4A2BC3E16300E50D4F /* Assets.xcassets */; };
		1124AB4E2BC3E16300E50D4F /* LaunchScreen.storyboard in Resources */ = {isa = PBXBuildFile; fileRef = 1124AB4C2BC3E16300E50D4F /* LaunchScreen.storyboard */; };
		1124AB8E2BC3E40E00E50D4F /* FireStoreEndPoint.swift in Sources */ = {isa = PBXBuildFile; fileRef = 1124AB8D2BC3E40E00E50D4F /* FireStoreEndPoint.swift */; };
		1124AB902BC3E60400E50D4F /* FirebaseCodable.swift in Sources */ = {isa = PBXBuildFile; fileRef = 1124AB8F2BC3E60400E50D4F /* FirebaseCodable.swift */; };
		1124AB922BC3E89F00E50D4F /* FireBaseError.swift in Sources */ = {isa = PBXBuildFile; fileRef = 1124AB912BC3E89F00E50D4F /* FireBaseError.swift */; };
		1124AB942BC3E9FA00E50D4F /* Parser.swift in Sources */ = {isa = PBXBuildFile; fileRef = 1124AB932BC3E9FA00E50D4F /* Parser.swift */; };
		1124AB962BC3EA7000E50D4F /* FireStoreDatabaseService.swift in Sources */ = {isa = PBXBuildFile; fileRef = 1124AB952BC3EA7000E50D4F /* FireStoreDatabaseService.swift */; };
		1124AB982BC3F02500E50D4F /* DataBase.swift in Sources */ = {isa = PBXBuildFile; fileRef = 1124AB972BC3F02500E50D4F /* DataBase.swift */; };
		1124AB9A2BC3F07C00E50D4F /* UserModel.swift in Sources */ = {isa = PBXBuildFile; fileRef = 1124AB992BC3F07C00E50D4F /* UserModel.swift */; };
		1124AB9D2BC3F2E300E50D4F /* FireBaseServices.swift in Sources */ = {isa = PBXBuildFile; fileRef = 1124AB9C2BC3F2E300E50D4F /* FireBaseServices.swift */; };
		1124AB9F2BC3F37F00E50D4F /* FireBaseManager.swift in Sources */ = {isa = PBXBuildFile; fileRef = 1124AB9E2BC3F37F00E50D4F /* FireBaseManager.swift */; };
		384D01CF2BE7CC090018489E /* FirebaseAnalytics in Frameworks */ = {isa = PBXBuildFile; productRef = 384D01CE2BE7CC090018489E /* FirebaseAnalytics */; };
		384D01D12BE7CC090018489E /* FirebaseAuth in Frameworks */ = {isa = PBXBuildFile; productRef = 384D01D02BE7CC090018489E /* FirebaseAuth */; };
		384D01D32BE7CC090018489E /* FirebaseDatabase in Frameworks */ = {isa = PBXBuildFile; productRef = 384D01D22BE7CC090018489E /* FirebaseDatabase */; };
		384D01D52BE7CC090018489E /* FirebaseFirestore in Frameworks */ = {isa = PBXBuildFile; productRef = 384D01D42BE7CC090018489E /* FirebaseFirestore */; };
		384D01D72BE7CC090018489E /* FirebaseStorage in Frameworks */ = {isa = PBXBuildFile; productRef = 384D01D62BE7CC090018489E /* FirebaseStorage */; };
		38E73E752BE7E0CA00A6F0D5 /* RealtimeDatabaseService.swift in Sources */ = {isa = PBXBuildFile; fileRef = 38E73E742BE7E0CA00A6F0D5 /* RealtimeDatabaseService.swift */; };
		38E73E772BE7E86200A6F0D5 /* GoogleService-Info.plist in Resources */ = {isa = PBXBuildFile; fileRef = 38E73E762BE7E86200A6F0D5 /* GoogleService-Info.plist */; };
		38E73E7A2BE7F92400A6F0D5 /* RealtimeEndPoint.swift in Sources */ = {isa = PBXBuildFile; fileRef = 38E73E792BE7F92400A6F0D5 /* RealtimeEndPoint.swift */; };
		38E73E7D2BE7F98F00A6F0D5 /* FirebaseMethod.swift in Sources */ = {isa = PBXBuildFile; fileRef = 38E73E7C2BE7F98F00A6F0D5 /* FirebaseMethod.swift */; };
/* End PBXBuildFile section */

/* Begin PBXFileReference section */
		1124AB3B2BC3E16000E50D4F /* GenericFirebaseDemo.app */ = {isa = PBXFileReference; explicitFileType = wrapper.application; includeInIndex = 0; path = GenericFirebaseDemo.app; sourceTree = BUILT_PRODUCTS_DIR; };
		1124AB3E2BC3E16000E50D4F /* AppDelegate.swift */ = {isa = PBXFileReference; lastKnownFileType = sourcecode.swift; path = AppDelegate.swift; sourceTree = "<group>"; };
		1124AB402BC3E16000E50D4F /* SceneDelegate.swift */ = {isa = PBXFileReference; lastKnownFileType = sourcecode.swift; path = SceneDelegate.swift; sourceTree = "<group>"; };
		1124AB422BC3E16000E50D4F /* ViewController.swift */ = {isa = PBXFileReference; lastKnownFileType = sourcecode.swift; path = ViewController.swift; sourceTree = "<group>"; };
		1124AB452BC3E16000E50D4F /* Base */ = {isa = PBXFileReference; lastKnownFileType = file.storyboard; name = Base; path = Base.lproj/Main.storyboard; sourceTree = "<group>"; };
		1124AB4A2BC3E16300E50D4F /* Assets.xcassets */ = {isa = PBXFileReference; lastKnownFileType = folder.assetcatalog; path = Assets.xcassets; sourceTree = "<group>"; };
		1124AB4D2BC3E16300E50D4F /* Base */ = {isa = PBXFileReference; lastKnownFileType = file.storyboard; name = Base; path = Base.lproj/LaunchScreen.storyboard; sourceTree = "<group>"; };
		1124AB4F2BC3E16300E50D4F /* Info.plist */ = {isa = PBXFileReference; lastKnownFileType = text.plist.xml; path = Info.plist; sourceTree = "<group>"; };
		1124AB8D2BC3E40E00E50D4F /* FireStoreEndPoint.swift */ = {isa = PBXFileReference; lastKnownFileType = sourcecode.swift; path = FireStoreEndPoint.swift; sourceTree = "<group>"; };
		1124AB8F2BC3E60400E50D4F /* FirebaseCodable.swift */ = {isa = PBXFileReference; lastKnownFileType = sourcecode.swift; path = FirebaseCodable.swift; sourceTree = "<group>"; };
		1124AB912BC3E89F00E50D4F /* FireBaseError.swift */ = {isa = PBXFileReference; lastKnownFileType = sourcecode.swift; path = FireBaseError.swift; sourceTree = "<group>"; };
		1124AB932BC3E9FA00E50D4F /* Parser.swift */ = {isa = PBXFileReference; lastKnownFileType = sourcecode.swift; path = Parser.swift; sourceTree = "<group>"; };
		1124AB952BC3EA7000E50D4F /* FireStoreDatabaseService.swift */ = {isa = PBXFileReference; lastKnownFileType = sourcecode.swift; path = FireStoreDatabaseService.swift; sourceTree = "<group>"; };
		1124AB972BC3F02500E50D4F /* DataBase.swift */ = {isa = PBXFileReference; lastKnownFileType = sourcecode.swift; path = DataBase.swift; sourceTree = "<group>"; };
		1124AB992BC3F07C00E50D4F /* UserModel.swift */ = {isa = PBXFileReference; lastKnownFileType = sourcecode.swift; path = UserModel.swift; sourceTree = "<group>"; };
		1124AB9C2BC3F2E300E50D4F /* FireBaseServices.swift */ = {isa = PBXFileReference; lastKnownFileType = sourcecode.swift; path = FireBaseServices.swift; sourceTree = "<group>"; };
		1124AB9E2BC3F37F00E50D4F /* FireBaseManager.swift */ = {isa = PBXFileReference; lastKnownFileType = sourcecode.swift; path = FireBaseManager.swift; sourceTree = "<group>"; };
		38E73E742BE7E0CA00A6F0D5 /* RealtimeDatabaseService.swift */ = {isa = PBXFileReference; lastKnownFileType = sourcecode.swift; path = RealtimeDatabaseService.swift; sourceTree = "<group>"; };
		38E73E762BE7E86200A6F0D5 /* GoogleService-Info.plist */ = {isa = PBXFileReference; fileEncoding = 4; lastKnownFileType = text.plist.xml; path = "GoogleService-Info.plist"; sourceTree = "<group>"; };
		38E73E792BE7F92400A6F0D5 /* RealtimeEndPoint.swift */ = {isa = PBXFileReference; lastKnownFileType = sourcecode.swift; path = RealtimeEndPoint.swift; sourceTree = "<group>"; };
		38E73E7C2BE7F98F00A6F0D5 /* FirebaseMethod.swift */ = {isa = PBXFileReference; lastKnownFileType = sourcecode.swift; path = FirebaseMethod.swift; sourceTree = "<group>"; };
/* End PBXFileReference section */

/* Begin PBXFrameworksBuildPhase section */
		1124AB382BC3E16000E50D4F /* Frameworks */ = {
			isa = PBXFrameworksBuildPhase;
			buildActionMask = 2147483647;
			files = (
				384D01D32BE7CC090018489E /* FirebaseDatabase in Frameworks */,
				384D01D52BE7CC090018489E /* FirebaseFirestore in Frameworks */,
				384D01CF2BE7CC090018489E /* FirebaseAnalytics in Frameworks */,
				384D01D72BE7CC090018489E /* FirebaseStorage in Frameworks */,
				384D01D12BE7CC090018489E /* FirebaseAuth in Frameworks */,
			);
			runOnlyForDeploymentPostprocessing = 0;
		};
/* End PBXFrameworksBuildPhase section */

/* Begin PBXGroup section */
		1124AB322BC3E16000E50D4F = {
			isa = PBXGroup;
			children = (
				1124AB3D2BC3E16000E50D4F /* GenericFirebaseDemo */,
				1124AB3C2BC3E16000E50D4F /* Products */,
			);
			sourceTree = "<group>";
		};
		1124AB3C2BC3E16000E50D4F /* Products */ = {
			isa = PBXGroup;
			children = (
				1124AB3B2BC3E16000E50D4F /* GenericFirebaseDemo.app */,
			);
			name = Products;
			sourceTree = "<group>";
		};
		1124AB3D2BC3E16000E50D4F /* GenericFirebaseDemo */ = {
			isa = PBXGroup;
			children = (
				1124AB9B2BC3F2CE00E50D4F /* FirebaseManager */,
				1124AB552BC3E16800E50D4F /* FireBaseHalper */,
				1124AB972BC3F02500E50D4F /* DataBase.swift */,
				1124AB992BC3F07C00E50D4F /* UserModel.swift */,
				1124AB3E2BC3E16000E50D4F /* AppDelegate.swift */,
				1124AB402BC3E16000E50D4F /* SceneDelegate.swift */,
				1124AB422BC3E16000E50D4F /* ViewController.swift */,
				1124AB442BC3E16000E50D4F /* Main.storyboard */,
				1124AB4A2BC3E16300E50D4F /* Assets.xcassets */,
				1124AB4C2BC3E16300E50D4F /* LaunchScreen.storyboard */,
				1124AB4F2BC3E16300E50D4F /* Info.plist */,
				38E73E762BE7E86200A6F0D5 /* GoogleService-Info.plist */,
			);
			path = GenericFirebaseDemo;
			sourceTree = "<group>";
		};
		1124AB552BC3E16800E50D4F /* FireBaseHalper */ = {
			isa = PBXGroup;
			children = (
				38E73E7B2BE7F94500A6F0D5 /* FireStore */,
				38E73E782BE7F90400A6F0D5 /* RealTime */,
				38E73E7E2BE7F9AC00A6F0D5 /* Helper */,
			);
			path = FireBaseHalper;
			sourceTree = "<group>";
		};
		1124AB9B2BC3F2CE00E50D4F /* FirebaseManager */ = {
			isa = PBXGroup;
			children = (
				1124AB9C2BC3F2E300E50D4F /* FireBaseServices.swift */,
				1124AB9E2BC3F37F00E50D4F /* FireBaseManager.swift */,
			);
			path = FirebaseManager;
			sourceTree = "<group>";
		};
		38E73E782BE7F90400A6F0D5 /* RealTime */ = {
			isa = PBXGroup;
			children = (
				38E73E742BE7E0CA00A6F0D5 /* RealtimeDatabaseService.swift */,
				38E73E792BE7F92400A6F0D5 /* RealtimeEndPoint.swift */,
			);
			path = RealTime;
			sourceTree = "<group>";
		};
		38E73E7B2BE7F94500A6F0D5 /* FireStore */ = {
			isa = PBXGroup;
			children = (
				1124AB952BC3EA7000E50D4F /* FireStoreDatabaseService.swift */,
				1124AB8D2BC3E40E00E50D4F /* FireStoreEndPoint.swift */,
			);
			path = FireStore;
			sourceTree = "<group>";
		};
		38E73E7E2BE7F9AC00A6F0D5 /* Helper */ = {
			isa = PBXGroup;
			children = (
				1124AB8F2BC3E60400E50D4F /* FirebaseCodable.swift */,
				1124AB912BC3E89F00E50D4F /* FireBaseError.swift */,
				38E73E7C2BE7F98F00A6F0D5 /* FirebaseMethod.swift */,
				1124AB932BC3E9FA00E50D4F /* Parser.swift */,
			);
			path = Helper;
			sourceTree = "<group>";
		};
/* End PBXGroup section */

/* Begin PBXNativeTarget section */
		1124AB3A2BC3E16000E50D4F /* GenericFirebaseDemo */ = {
			isa = PBXNativeTarget;
			buildConfigurationList = 1124AB522BC3E16300E50D4F /* Build configuration list for PBXNativeTarget "GenericFirebaseDemo" */;
			buildPhases = (
				1124AB372BC3E16000E50D4F /* Sources */,
				1124AB382BC3E16000E50D4F /* Frameworks */,
				1124AB392BC3E16000E50D4F /* Resources */,
			);
			buildRules = (
			);
			dependencies = (
			);
			name = GenericFirebaseDemo;
			packageProductDependencies = (
				384D01CE2BE7CC090018489E /* FirebaseAnalytics */,
				384D01D02BE7CC090018489E /* FirebaseAuth */,
				384D01D22BE7CC090018489E /* FirebaseDatabase */,
				384D01D42BE7CC090018489E /* FirebaseFirestore */,
				384D01D62BE7CC090018489E /* FirebaseStorage */,
			);
			productName = GenericFirebaseDemo;
			productReference = 1124AB3B2BC3E16000E50D4F /* GenericFirebaseDemo.app */;
			productType = "com.apple.product-type.application";
		};
/* End PBXNativeTarget section */

/* Begin PBXProject section */
		1124AB332BC3E16000E50D4F /* Project object */ = {
			isa = PBXProject;
			attributes = {
				BuildIndependentTargetsInParallel = 1;
				LastSwiftUpdateCheck = 1520;
				LastUpgradeCheck = 1520;
				TargetAttributes = {
					1124AB3A2BC3E16000E50D4F = {
						CreatedOnToolsVersion = 15.2;
					};
				};
			};
			buildConfigurationList = 1124AB362BC3E16000E50D4F /* Build configuration list for PBXProject "GenericFirebaseDemo" */;
			compatibilityVersion = "Xcode 14.0";
			developmentRegion = en;
			hasScannedForEncodings = 0;
			knownRegions = (
				en,
				Base,
			);
			mainGroup = 1124AB322BC3E16000E50D4F;
			packageReferences = (
				384D01CD2BE7CC090018489E /* XCRemoteSwiftPackageReference "firebase-ios-sdk" */,
			);
			productRefGroup = 1124AB3C2BC3E16000E50D4F /* Products */;
			projectDirPath = "";
			projectRoot = "";
			targets = (
				1124AB3A2BC3E16000E50D4F /* GenericFirebaseDemo */,
			);
		};
/* End PBXProject section */

/* Begin PBXResourcesBuildPhase section */
		1124AB392BC3E16000E50D4F /* Resources */ = {
			isa = PBXResourcesBuildPhase;
			buildActionMask = 2147483647;
			files = (
				1124AB4E2BC3E16300E50D4F /* LaunchScreen.storyboard in Resources */,
				38E73E772BE7E86200A6F0D5 /* GoogleService-Info.plist in Resources */,
				1124AB4B2BC3E16300E50D4F /* Assets.xcassets in Resources */,
				1124AB462BC3E16000E50D4F /* Main.storyboard in Resources */,
			);
			runOnlyForDeploymentPostprocessing = 0;
		};
/* End PBXResourcesBuildPhase section */

/* Begin PBXSourcesBuildPhase section */
		1124AB372BC3E16000E50D4F /* Sources */ = {
			isa = PBXSourcesBuildPhase;
			buildActionMask = 2147483647;
			files = (
				1124AB922BC3E89F00E50D4F /* FireBaseError.swift in Sources */,
				1124AB902BC3E60400E50D4F /* FirebaseCodable.swift in Sources */,
				1124AB432BC3E16000E50D4F /* ViewController.swift in Sources */,
				38E73E7A2BE7F92400A6F0D5 /* RealtimeEndPoint.swift in Sources */,
				1124AB3F2BC3E16000E50D4F /* AppDelegate.swift in Sources */,
				1124AB982BC3F02500E50D4F /* DataBase.swift in Sources */,
				1124AB412BC3E16000E50D4F /* SceneDelegate.swift in Sources */,
				1124AB9D2BC3F2E300E50D4F /* FireBaseServices.swift in Sources */,
				1124AB962BC3EA7000E50D4F /* FireStoreDatabaseService.swift in Sources */,
				38E73E7D2BE7F98F00A6F0D5 /* FirebaseMethod.swift in Sources */,
				1124AB9F2BC3F37F00E50D4F /* FireBaseManager.swift in Sources */,
				1124AB8E2BC3E40E00E50D4F /* FireStoreEndPoint.swift in Sources */,
				1124AB9A2BC3F07C00E50D4F /* UserModel.swift in Sources */,
				38E73E752BE7E0CA00A6F0D5 /* RealtimeDatabaseService.swift in Sources */,
				1124AB942BC3E9FA00E50D4F /* Parser.swift in Sources */,
			);
			runOnlyForDeploymentPostprocessing = 0;
		};
/* End PBXSourcesBuildPhase section */

/* Begin PBXVariantGroup section */
		1124AB442BC3E16000E50D4F /* Main.storyboard */ = {
			isa = PBXVariantGroup;
			children = (
				1124AB452BC3E16000E50D4F /* Base */,
			);
			name = Main.storyboard;
			sourceTree = "<group>";
		};
		1124AB4C2BC3E16300E50D4F /* LaunchScreen.storyboard */ = {
			isa = PBXVariantGroup;
			children = (
				1124AB4D2BC3E16300E50D4F /* Base */,
			);
			name = LaunchScreen.storyboard;
			sourceTree = "<group>";
		};
/* End PBXVariantGroup section */

/* Begin XCBuildConfiguration section */
		1124AB502BC3E16300E50D4F /* Debug */ = {
			isa = XCBuildConfiguration;
			buildSettings = {
				ALWAYS_SEARCH_USER_PATHS = NO;
				ASSETCATALOG_COMPILER_GENERATE_SWIFT_ASSET_SYMBOL_EXTENSIONS = YES;
				CLANG_ANALYZER_NONNULL = YES;
				CLANG_ANALYZER_NUMBER_OBJECT_CONVERSION = YES_AGGRESSIVE;
				CLANG_CXX_LANGUAGE_STANDARD = "gnu++20";
				CLANG_ENABLE_MODULES = YES;
				CLANG_ENABLE_OBJC_ARC = YES;
				CLANG_ENABLE_OBJC_WEAK = YES;
				CLANG_WARN_BLOCK_CAPTURE_AUTORELEASING = YES;
				CLANG_WARN_BOOL_CONVERSION = YES;
				CLANG_WARN_COMMA = YES;
				CLANG_WARN_CONSTANT_CONVERSION = YES;
				CLANG_WARN_DEPRECATED_OBJC_IMPLEMENTATIONS = YES;
				CLANG_WARN_DIRECT_OBJC_ISA_USAGE = YES_ERROR;
				CLANG_WARN_DOCUMENTATION_COMMENTS = YES;
				CLANG_WARN_EMPTY_BODY = YES;
				CLANG_WARN_ENUM_CONVERSION = YES;
				CLANG_WARN_INFINITE_RECURSION = YES;
				CLANG_WARN_INT_CONVERSION = YES;
				CLANG_WARN_NON_LITERAL_NULL_CONVERSION = YES;
				CLANG_WARN_OBJC_IMPLICIT_RETAIN_SELF = YES;
				CLANG_WARN_OBJC_LITERAL_CONVERSION = YES;
				CLANG_WARN_OBJC_ROOT_CLASS = YES_ERROR;
				CLANG_WARN_QUOTED_INCLUDE_IN_FRAMEWORK_HEADER = YES;
				CLANG_WARN_RANGE_LOOP_ANALYSIS = YES;
				CLANG_WARN_STRICT_PROTOTYPES = YES;
				CLANG_WARN_SUSPICIOUS_MOVE = YES;
				CLANG_WARN_UNGUARDED_AVAILABILITY = YES_AGGRESSIVE;
				CLANG_WARN_UNREACHABLE_CODE = YES;
				CLANG_WARN__DUPLICATE_METHOD_MATCH = YES;
				COPY_PHASE_STRIP = NO;
				DEBUG_INFORMATION_FORMAT = dwarf;
				ENABLE_STRICT_OBJC_MSGSEND = YES;
				ENABLE_TESTABILITY = YES;
				ENABLE_USER_SCRIPT_SANDBOXING = YES;
				GCC_C_LANGUAGE_STANDARD = gnu17;
				GCC_DYNAMIC_NO_PIC = NO;
				GCC_NO_COMMON_BLOCKS = YES;
				GCC_OPTIMIZATION_LEVEL = 0;
				GCC_PREPROCESSOR_DEFINITIONS = (
					"DEBUG=1",
					"$(inherited)",
				);
				GCC_WARN_64_TO_32_BIT_CONVERSION = YES;
				GCC_WARN_ABOUT_RETURN_TYPE = YES_ERROR;
				GCC_WARN_UNDECLARED_SELECTOR = YES;
				GCC_WARN_UNINITIALIZED_AUTOS = YES_AGGRESSIVE;
				GCC_WARN_UNUSED_FUNCTION = YES;
				GCC_WARN_UNUSED_VARIABLE = YES;
				IPHONEOS_DEPLOYMENT_TARGET = 17.2;
				LOCALIZATION_PREFERS_STRING_CATALOGS = YES;
				MTL_ENABLE_DEBUG_INFO = INCLUDE_SOURCE;
				MTL_FAST_MATH = YES;
				ONLY_ACTIVE_ARCH = YES;
				SDKROOT = iphoneos;
				SWIFT_ACTIVE_COMPILATION_CONDITIONS = "DEBUG $(inherited)";
				SWIFT_OPTIMIZATION_LEVEL = "-Onone";
			};
			name = Debug;
		};
		1124AB512BC3E16300E50D4F /* Release */ = {
			isa = XCBuildConfiguration;
			buildSettings = {
				ALWAYS_SEARCH_USER_PATHS = NO;
				ASSETCATALOG_COMPILER_GENERATE_SWIFT_ASSET_SYMBOL_EXTENSIONS = YES;
				CLANG_ANALYZER_NONNULL = YES;
				CLANG_ANALYZER_NUMBER_OBJECT_CONVERSION = YES_AGGRESSIVE;
				CLANG_CXX_LANGUAGE_STANDARD = "gnu++20";
				CLANG_ENABLE_MODULES = YES;
				CLANG_ENABLE_OBJC_ARC = YES;
				CLANG_ENABLE_OBJC_WEAK = YES;
				CLANG_WARN_BLOCK_CAPTURE_AUTORELEASING = YES;
				CLANG_WARN_BOOL_CONVERSION = YES;
				CLANG_WARN_COMMA = YES;
				CLANG_WARN_CONSTANT_CONVERSION = YES;
				CLANG_WARN_DEPRECATED_OBJC_IMPLEMENTATIONS = YES;
				CLANG_WARN_DIRECT_OBJC_ISA_USAGE = YES_ERROR;
				CLANG_WARN_DOCUMENTATION_COMMENTS = YES;
				CLANG_WARN_EMPTY_BODY = YES;
				CLANG_WARN_ENUM_CONVERSION = YES;
				CLANG_WARN_INFINITE_RECURSION = YES;
				CLANG_WARN_INT_CONVERSION = YES;
				CLANG_WARN_NON_LITERAL_NULL_CONVERSION = YES;
				CLANG_WARN_OBJC_IMPLICIT_RETAIN_SELF = YES;
				CLANG_WARN_OBJC_LITERAL_CONVERSION = YES;
				CLANG_WARN_OBJC_ROOT_CLASS = YES_ERROR;
				CLANG_WARN_QUOTED_INCLUDE_IN_FRAMEWORK_HEADER = YES;
				CLANG_WARN_RANGE_LOOP_ANALYSIS = YES;
				CLANG_WARN_STRICT_PROTOTYPES = YES;
				CLANG_WARN_SUSPICIOUS_MOVE = YES;
				CLANG_WARN_UNGUARDED_AVAILABILITY = YES_AGGRESSIVE;
				CLANG_WARN_UNREACHABLE_CODE = YES;
				CLANG_WARN__DUPLICATE_METHOD_MATCH = YES;
				COPY_PHASE_STRIP = NO;
				DEBUG_INFORMATION_FORMAT = "dwarf-with-dsym";
				ENABLE_NS_ASSERTIONS = NO;
				ENABLE_STRICT_OBJC_MSGSEND = YES;
				ENABLE_USER_SCRIPT_SANDBOXING = YES;
				GCC_C_LANGUAGE_STANDARD = gnu17;
				GCC_NO_COMMON_BLOCKS = YES;
				GCC_WARN_64_TO_32_BIT_CONVERSION = YES;
				GCC_WARN_ABOUT_RETURN_TYPE = YES_ERROR;
				GCC_WARN_UNDECLARED_SELECTOR = YES;
				GCC_WARN_UNINITIALIZED_AUTOS = YES_AGGRESSIVE;
				GCC_WARN_UNUSED_FUNCTION = YES;
				GCC_WARN_UNUSED_VARIABLE = YES;
				IPHONEOS_DEPLOYMENT_TARGET = 17.2;
				LOCALIZATION_PREFERS_STRING_CATALOGS = YES;
				MTL_ENABLE_DEBUG_INFO = NO;
				MTL_FAST_MATH = YES;
				SDKROOT = iphoneos;
				SWIFT_COMPILATION_MODE = wholemodule;
				VALIDATE_PRODUCT = YES;
			};
			name = Release;
		};
		1124AB532BC3E16300E50D4F /* Debug */ = {
			isa = XCBuildConfiguration;
			buildSettings = {
				ASSETCATALOG_COMPILER_APPICON_NAME = AppIcon;
				ASSETCATALOG_COMPILER_GLOBAL_ACCENT_COLOR_NAME = AccentColor;
				CODE_SIGN_STYLE = Automatic;
				CURRENT_PROJECT_VERSION = 1;
				GENERATE_INFOPLIST_FILE = YES;
				INFOPLIST_FILE = GenericFirebaseDemo/Info.plist;
				INFOPLIST_KEY_UIApplicationSupportsIndirectInputEvents = YES;
				INFOPLIST_KEY_UILaunchStoryboardName = LaunchScreen;
				INFOPLIST_KEY_UIMainStoryboardFile = Main;
				INFOPLIST_KEY_UISupportedInterfaceOrientations_iPad = "UIInterfaceOrientationPortrait UIInterfaceOrientationPortraitUpsideDown UIInterfaceOrientationLandscapeLeft UIInterfaceOrientationLandscapeRight";
				INFOPLIST_KEY_UISupportedInterfaceOrientations_iPhone = "UIInterfaceOrientationPortrait UIInterfaceOrientationLandscapeLeft UIInterfaceOrientationLandscapeRight";
				LD_RUNPATH_SEARCH_PATHS = (
					"$(inherited)",
					"@executable_path/Frameworks",
				);
				MARKETING_VERSION = 1.0;
				PRODUCT_BUNDLE_IDENTIFIER = com.app.GenericFirebaseDemo;
				PRODUCT_NAME = "$(TARGET_NAME)";
				SWIFT_EMIT_LOC_STRINGS = YES;
				SWIFT_VERSION = 5.0;
				TARGETED_DEVICE_FAMILY = "1,2";
			};
			name = Debug;
		};
		1124AB542BC3E16300E50D4F /* Release */ = {
			isa = XCBuildConfiguration;
			buildSettings = {
				ASSETCATALOG_COMPILER_APPICON_NAME = AppIcon;
				ASSETCATALOG_COMPILER_GLOBAL_ACCENT_COLOR_NAME = AccentColor;
				CODE_SIGN_STYLE = Automatic;
				CURRENT_PROJECT_VERSION = 1;
				GENERATE_INFOPLIST_FILE = YES;
				INFOPLIST_FILE = GenericFirebaseDemo/Info.plist;
				INFOPLIST_KEY_UIApplicationSupportsIndirectInputEvents = YES;
				INFOPLIST_KEY_UILaunchStoryboardName = LaunchScreen;
				INFOPLIST_KEY_UIMainStoryboardFile = Main;
				INFOPLIST_KEY_UISupportedInterfaceOrientations_iPad = "UIInterfaceOrientationPortrait UIInterfaceOrientationPortraitUpsideDown UIInterfaceOrientationLandscapeLeft UIInterfaceOrientationLandscapeRight";
				INFOPLIST_KEY_UISupportedInterfaceOrientations_iPhone = "UIInterfaceOrientationPortrait UIInterfaceOrientationLandscapeLeft UIInterfaceOrientationLandscapeRight";
				LD_RUNPATH_SEARCH_PATHS = (
					"$(inherited)",
					"@executable_path/Frameworks",
				);
				MARKETING_VERSION = 1.0;
				PRODUCT_BUNDLE_IDENTIFIER = com.app.GenericFirebaseDemo;
				PRODUCT_NAME = "$(TARGET_NAME)";
				SWIFT_EMIT_LOC_STRINGS = YES;
				SWIFT_VERSION = 5.0;
				TARGETED_DEVICE_FAMILY = "1,2";
			};
			name = Release;
		};
/* End XCBuildConfiguration section */

/* Begin XCConfigurationList section */
		1124AB362BC3E16000E50D4F /* Build configuration list for PBXProject "GenericFirebaseDemo" */ = {
			isa = XCConfigurationList;
			buildConfigurations = (
				1124AB502BC3E16300E50D4F /* Debug */,
				1124AB512BC3E16300E50D4F /* Release */,
			);
			defaultConfigurationIsVisible = 0;
			defaultConfigurationName = Release;
		};
		1124AB522BC3E16300E50D4F /* Build configuration list for PBXNativeTarget "GenericFirebaseDemo" */ = {
			isa = XCConfigurationList;
			buildConfigurations = (
				1124AB532BC3E16300E50D4F /* Debug */,
				1124AB542BC3E16300E50D4F /* Release */,
			);
			defaultConfigurationIsVisible = 0;
			defaultConfigurationName = Release;
		};
/* End XCConfigurationList section */

/* Begin XCRemoteSwiftPackageReference section */
		384D01CD2BE7CC090018489E /* XCRemoteSwiftPackageReference "firebase-ios-sdk" */ = {
			isa = XCRemoteSwiftPackageReference;
			repositoryURL = "https://github.com/firebase/firebase-ios-sdk.git";
			requirement = {
				kind = upToNextMajorVersion;
				minimumVersion = 10.25.0;
			};
		};
/* End XCRemoteSwiftPackageReference section */

/* Begin XCSwiftPackageProductDependency section */
		384D01CE2BE7CC090018489E /* FirebaseAnalytics */ = {
			isa = XCSwiftPackageProductDependency;
			package = 384D01CD2BE7CC090018489E /* XCRemoteSwiftPackageReference "firebase-ios-sdk" */;
			productName = FirebaseAnalytics;
		};
		384D01D02BE7CC090018489E /* FirebaseAuth */ = {
			isa = XCSwiftPackageProductDependency;
			package = 384D01CD2BE7CC090018489E /* XCRemoteSwiftPackageReference "firebase-ios-sdk" */;
			productName = FirebaseAuth;
		};
		384D01D22BE7CC090018489E /* FirebaseDatabase */ = {
			isa = XCSwiftPackageProductDependency;
			package = 384D01CD2BE7CC090018489E /* XCRemoteSwiftPackageReference "firebase-ios-sdk" */;
			productName = FirebaseDatabase;
		};
		384D01D42BE7CC090018489E /* FirebaseFirestore */ = {
			isa = XCSwiftPackageProductDependency;
			package = 384D01CD2BE7CC090018489E /* XCRemoteSwiftPackageReference "firebase-ios-sdk" */;
			productName = FirebaseFirestore;
		};
		384D01D62BE7CC090018489E /* FirebaseStorage */ = {
			isa = XCSwiftPackageProductDependency;
			package = 384D01CD2BE7CC090018489E /* XCRemoteSwiftPackageReference "firebase-ios-sdk" */;
			productName = FirebaseStorage;
		};
/* End XCSwiftPackageProductDependency section */
	};
	rootObject = 1124AB332BC3E16000E50D4F /* Project object */;
}
